# THIS IS AN AUTOGENERATED FILE. DO NOT EDIT THIS FILE DIRECTLY.
# yarn lockfile v1


"@types/json-schema@^7.0.1":
  version "7.0.1"
  resolved "http://ses-npm.sh.cn.ao.ericsson.se/@types%2fjson-schema/-/json-schema-7.0.1.tgz#fcaa655260285b8061850789f8268c51a4ec8ee1"
  integrity sha512-NVQEMviDWjuen3UW+mU1J6fZ0WhOfG1yRce/2OTcbaz+fgmTw2cahx6N2wh0Yl+a+hg2UZj/oElZmtULWyGIsA==

"@types/lodash@^4.14.120":
  version "4.14.120"
  resolved "http://ses-npm.sh.cn.ao.ericsson.se/@types%2flodash/-/lodash-4.14.120.tgz#cf265d06f6c7a710db087ed07523ab8c1a24047b"
  integrity sha512-jQ21kQ120mo+IrDs1nFNVm/AsdFxIx2+vZ347DbogHJPd/JzKNMOqU6HCYin1W6v8l5R9XSO2/e9cxmn7HAnVw==

"@types/node@^10.12.18":
  version "10.12.18"
  resolved "http://ses-npm.sh.cn.ao.ericsson.se/@types%2fnode/-/node-10.12.18.tgz#1d3ca764718915584fcd9f6344621b7672665c67"
  integrity sha512-fh+pAqt4xRzPfqA6eh3Z2y6fyZavRIumvjhaCL753+TVkGKGhpPeyrJG2JftD0T9q4GF00KjefsQ+PQNDdWQaQ==

lodash@^4.17.11:
  version "4.17.11"
  resolved "http://ses-npm.sh.cn.ao.ericsson.se/lodash/-/lodash-4.17.11.tgz#b39ea6229ef607ecd89e2c8df12536891cac9b8d"
  integrity sha512-cQKh8igo5QUhZ7lg38DYWAxMvjSAKG0A8wGSVimP07SIUEK2UO+arSRKbRZWtelMtN5V0Hkwh5ryOto/SshYIg==

typescript@^3.2.4:
  version "3.2.4"
  resolved "http://ses-npm.sh.cn.ao.ericsson.se/typescript/-/typescript-3.2.4.tgz#c585cb952912263d915b462726ce244ba510ef3d"
  integrity sha512-0RNDbSdEokBeEAkgNbxJ+BLwSManFy9TeXz8uW+48j/xhEXv1ePME60olyzw2XzUqUBNAYFeJadIqAgNqIACwg==
